
Microsoft Visual Studio Solution File, Format Version 12.00
# Visual Studio Version 17
VisualStudioVersion = 17.10.35027.167
MinimumVisualStudioVersion = 10.0.40219.1
Project("{FAE04EC0-301F-11D3-BF4B-00C04F79EFBC}") = "ExemploAPI", "ExemploAPI\ExemploAPI.csproj", "{D763CF4C-51F7-4AC9-A684-CCEE968C29B4}"
EndProject
Global
	GlobalSection(SolutionConfigurationPlatforms) = preSolution
		Debug|Any CPU = Debug|Any CPU
		Release|Any CPU = Release|Any CPU
	EndGlobalSection
	GlobalSection(ProjectConfigurationPlatforms) = postSolution
		{D763CF4C-51F7-4AC9-A684-CCEE968C29B4}.Debug|Any CPU.ActiveCfg = Debug|Any CPU
		{D763CF4C-51F7-4AC9-A684-CCEE968C29B4}.Debug|Any CPU.Build.0 = Debug|Any CPU
		{D763CF4C-51F7-4AC9-A684-CCEE968C29B4}.Release|Any CPU.ActiveCfg = Release|Any CPU
		{D763CF4C-51F7-4AC9-A684-CCEE968C29B4}.Release|Any CPU.Build.0 = Release|Any CPU
	EndGlobalSection
	GlobalSection(SolutionProperties) = preSolution
		HideSolutionNode = FALSE
	EndGlobalSection
	GlobalSection(ExtensibilityGlobals) = postSolution
		SolutionGuid = {5C946567-FCE0-4C56-8F78-F7E1F12AB5FF}
	EndGlobalSection
EndGlobal
