
Microsoft Visual Studio Solution File, Format Version 12.00
# Visual Studio Version 17
VisualStudioVersion = 17.10.35013.160
MinimumVisualStudioVersion = 10.0.40219.1
Project("{FAE04EC0-301F-11D3-BF4B-00C04F79EFBC}") = "ExemploAPI2_Json", "ExemploAPI2_Json.csproj", "{D84481B4-1ADA-4FCC-8FEA-DE5CF79BE961}"
EndProject
Global
	GlobalSection(SolutionConfigurationPlatforms) = preSolution
		Debug|Any CPU = Debug|Any CPU
		Release|Any CPU = Release|Any CPU
	EndGlobalSection
	GlobalSection(ProjectConfigurationPlatforms) = postSolution
		{D84481B4-1ADA-4FCC-8FEA-DE5CF79BE961}.Debug|Any CPU.ActiveCfg = Debug|Any CPU
		{D84481B4-1ADA-4FCC-8FEA-DE5CF79BE961}.Debug|Any CPU.Build.0 = Debug|Any CPU
		{D84481B4-1ADA-4FCC-8FEA-DE5CF79BE961}.Release|Any CPU.ActiveCfg = Release|Any CPU
		{D84481B4-1ADA-4FCC-8FEA-DE5CF79BE961}.Release|Any CPU.Build.0 = Release|Any CPU
	EndGlobalSection
	GlobalSection(SolutionProperties) = preSolution
		HideSolutionNode = FALSE
	EndGlobalSection
	GlobalSection(ExtensibilityGlobals) = postSolution
		SolutionGuid = {35AFBE7B-0B61-4971-95D1-60301FC5D900}
	EndGlobalSection
EndGlobal
